
Microsoft Visual Studio Solution File, Format Version 12.00
# Visual Studio 14
VisualStudioVersion = 14.0.25420.1
MinimumVisualStudioVersion = 10.0.40219.1
Project("{FAE04EC0-301F-11D3-BF4B-00C04F79EFBC}") = "WFA.OCR", "WFA.OCR\WFA.OCR.csproj", "{95251479-8FB2-4851-A14C-2F45934D2F92}"
EndProject
Project("{FAE04EC0-301F-11D3-BF4B-00C04F79EFBC}") = "UCControl", "UCControl\UCControl.csproj", "{64E080D6-6ED2-4113-9360-5D34D3E01E20}"
EndProject
Project("{FAE04EC0-301F-11D3-BF4B-00C04F79EFBC}") = "UtilityLib", "UtilityLib\UtilityLib.csproj", "{B4A79F70-8D7B-4E9F-A156-F325F46BCBAF}"
EndProject
Project("{FAE04EC0-301F-11D3-BF4B-00C04F79EFBC}") = "WFA.PlugIn", "WFA.PlugIn\WFA.PlugIn.csproj", "{C1311BB4-79C4-4610-9E6C-E2DA40E438AD}"
EndProject
Project("{FAE04EC0-301F-11D3-BF4B-00C04F79EFBC}") = "WFA.AutoUpdater", "WFA.AutoUpdater\WFA.AutoUpdater.csproj", "{7317AC15-48B1-4457-88E6-F2C9E1D9252D}"
EndProject
Project("{FAE04EC0-301F-11D3-BF4B-00C04F79EFBC}") = "CA.Install", "CA.Install\CA.Install.csproj", "{E78638B6-BF4B-4B71-8EA9-4FE414BFA040}"
EndProject
Project("{FAE04EC0-301F-11D3-BF4B-00C04F79EFBC}") = "FMControl", "FMControl\FMControl.csproj", "{75942E9D-1AAC-4F0F-B15F-5D9C34645E1D}"
EndProject
Global
	GlobalSection(SolutionConfigurationPlatforms) = preSolution
		Debug|Any CPU = Debug|Any CPU
		Release|Any CPU = Release|Any CPU
	EndGlobalSection
	GlobalSection(ProjectConfigurationPlatforms) = postSolution
		{95251479-8FB2-4851-A14C-2F45934D2F92}.Debug|Any CPU.ActiveCfg = Debug|Any CPU
		{95251479-8FB2-4851-A14C-2F45934D2F92}.Debug|Any CPU.Build.0 = Debug|Any CPU
		{95251479-8FB2-4851-A14C-2F45934D2F92}.Release|Any CPU.ActiveCfg = Release|Any CPU
		{95251479-8FB2-4851-A14C-2F45934D2F92}.Release|Any CPU.Build.0 = Release|Any CPU
		{64E080D6-6ED2-4113-9360-5D34D3E01E20}.Debug|Any CPU.ActiveCfg = Debug|Any CPU
		{64E080D6-6ED2-4113-9360-5D34D3E01E20}.Debug|Any CPU.Build.0 = Debug|Any CPU
		{64E080D6-6ED2-4113-9360-5D34D3E01E20}.Release|Any CPU.ActiveCfg = Release|Any CPU
		{64E080D6-6ED2-4113-9360-5D34D3E01E20}.Release|Any CPU.Build.0 = Release|Any CPU
		{B4A79F70-8D7B-4E9F-A156-F325F46BCBAF}.Debug|Any CPU.ActiveCfg = Debug|Any CPU
		{B4A79F70-8D7B-4E9F-A156-F325F46BCBAF}.Debug|Any CPU.Build.0 = Debug|Any CPU
		{B4A79F70-8D7B-4E9F-A156-F325F46BCBAF}.Release|Any CPU.ActiveCfg = Release|Any CPU
		{B4A79F70-8D7B-4E9F-A156-F325F46BCBAF}.Release|Any CPU.Build.0 = Release|Any CPU
		{C1311BB4-79C4-4610-9E6C-E2DA40E438AD}.Debug|Any CPU.ActiveCfg = Debug|Any CPU
		{C1311BB4-79C4-4610-9E6C-E2DA40E438AD}.Debug|Any CPU.Build.0 = Debug|Any CPU
		{C1311BB4-79C4-4610-9E6C-E2DA40E438AD}.Release|Any CPU.ActiveCfg = Release|Any CPU
		{C1311BB4-79C4-4610-9E6C-E2DA40E438AD}.Release|Any CPU.Build.0 = Release|Any CPU
		{7317AC15-48B1-4457-88E6-F2C9E1D9252D}.Debug|Any CPU.ActiveCfg = Debug|Any CPU
		{7317AC15-48B1-4457-88E6-F2C9E1D9252D}.Debug|Any CPU.Build.0 = Debug|Any CPU
		{7317AC15-48B1-4457-88E6-F2C9E1D9252D}.Release|Any CPU.ActiveCfg = Release|Any CPU
		{7317AC15-48B1-4457-88E6-F2C9E1D9252D}.Release|Any CPU.Build.0 = Release|Any CPU
		{E78638B6-BF4B-4B71-8EA9-4FE414BFA040}.Debug|Any CPU.ActiveCfg = Debug|Any CPU
		{E78638B6-BF4B-4B71-8EA9-4FE414BFA040}.Debug|Any CPU.Build.0 = Debug|Any CPU
		{E78638B6-BF4B-4B71-8EA9-4FE414BFA040}.Release|Any CPU.ActiveCfg = Release|Any CPU
		{E78638B6-BF4B-4B71-8EA9-4FE414BFA040}.Release|Any CPU.Build.0 = Release|Any CPU
		{75942E9D-1AAC-4F0F-B15F-5D9C34645E1D}.Debug|Any CPU.ActiveCfg = Debug|Any CPU
		{75942E9D-1AAC-4F0F-B15F-5D9C34645E1D}.Debug|Any CPU.Build.0 = Debug|Any CPU
		{75942E9D-1AAC-4F0F-B15F-5D9C34645E1D}.Release|Any CPU.ActiveCfg = Release|Any CPU
		{75942E9D-1AAC-4F0F-B15F-5D9C34645E1D}.Release|Any CPU.Build.0 = Release|Any CPU
	EndGlobalSection
	GlobalSection(SolutionProperties) = preSolution
		HideSolutionNode = FALSE
	EndGlobalSection
EndGlobal
